// !$*UTF8*$!
{
	archiveVersion = 1;
	classes = {
	};
	objectVersion = 46;
	objects = {

/* Begin PBXBuildFile section */
		1A8604139EB761925991238E /* Pods_twitterClient.framework in Frameworks */ = {isa = PBXBuildFile; fileRef = 2548C6CC97A7D9334B21252E /* Pods_twitterClient.framework */; };
		FE012AD91F0EC19800EABFE4 /* AppDelegate.swift in Sources */ = {isa = PBXBuildFile; fileRef = FE012AD81F0EC19800EABFE4 /* AppDelegate.swift */; };
		FE012ADE1F0EC19800EABFE4 /* Main.storyboard in Resources */ = {isa = PBXBuildFile; fileRef = FE012ADC1F0EC19800EABFE4 /* Main.storyboard */; };
		FE012AE01F0EC19800EABFE4 /* Assets.xcassets in Resources */ = {isa = PBXBuildFile; fileRef = FE012ADF1F0EC19800EABFE4 /* Assets.xcassets */; };
		FE012AE31F0EC19800EABFE4 /* LaunchScreen.storyboard in Resources */ = {isa = PBXBuildFile; fileRef = FE012AE11F0EC19800EABFE4 /* LaunchScreen.storyboard */; };
		FEED538C1F0FAAEC00F4C262 /* SafariServices.framework in Frameworks */ = {isa = PBXBuildFile; fileRef = FEED538B1F0FAAEC00F4C262 /* SafariServices.framework */; };
		FEED538E1F0FAB3100F4C262 /* loginVC.swift in Sources */ = {isa = PBXBuildFile; fileRef = FEED538D1F0FAB3100F4C262 /* loginVC.swift */; };
		FEED53901F0FB90600F4C262 /* followersVC.swift in Sources */ = {isa = PBXBuildFile; fileRef = FEED538F1F0FB90600F4C262 /* followersVC.swift */; };
		FEED53921F0FBBF600F4C262 /* Constants.swift in Sources */ = {isa = PBXBuildFile; fileRef = FEED53911F0FBBF600F4C262 /* Constants.swift */; };
/* End PBXBuildFile section */

/* Begin PBXFileReference section */
		2548C6CC97A7D9334B21252E /* Pods_twitterClient.framework */ = {isa = PBXFileReference; explicitFileType = wrapper.framework; includeInIndex = 0; path = Pods_twitterClient.framework; sourceTree = BUILT_PRODUCTS_DIR; };
		3FDCE15F74CDC155DE2140BA /* Pods-twitterClient.release.xcconfig */ = {isa = PBXFileReference; includeInIndex = 1; lastKnownFileType = text.xcconfig; name = "Pods-twitterClient.release.xcconfig"; path = "Pods/Target Support Files/Pods-twitterClient/Pods-twitterClient.release.xcconfig"; sourceTree = "<group>"; };
		9E10ECEF231C0AEEE7E73350 /* Pods-twitterClient.debug.xcconfig */ = {isa = PBXFileReference; includeInIndex = 1; lastKnownFileType = text.xcconfig; name = "Pods-twitterClient.debug.xcconfig"; path = "Pods/Target Support Files/Pods-twitterClient/Pods-twitterClient.debug.xcconfig"; sourceTree = "<group>"; };
		FE012AD51F0EC19800EABFE4 /* twitterClient.app */ = {isa = PBXFileReference; explicitFileType = wrapper.application; includeInIndex = 0; path = twitterClient.app; sourceTree = BUILT_PRODUCTS_DIR; };
		FE012AD81F0EC19800EABFE4 /* AppDelegate.swift */ = {isa = PBXFileReference; lastKnownFileType = sourcecode.swift; path = AppDelegate.swift; sourceTree = "<group>"; };
		FE012ADD1F0EC19800EABFE4 /* Base */ = {isa = PBXFileReference; lastKnownFileType = file.storyboard; name = Base; path = Base.lproj/Main.storyboard; sourceTree = "<group>"; };
		FE012ADF1F0EC19800EABFE4 /* Assets.xcassets */ = {isa = PBXFileReference; lastKnownFileType = folder.assetcatalog; path = Assets.xcassets; sourceTree = "<group>"; };
		FE012AE21F0EC19800EABFE4 /* Base */ = {isa = PBXFileReference; lastKnownFileType = file.storyboard; name = Base; path = Base.lproj/LaunchScreen.storyboard; sourceTree = "<group>"; };
		FE012AE41F0EC19800EABFE4 /* Info.plist */ = {isa = PBXFileReference; lastKnownFileType = text.plist.xml; path = Info.plist; sourceTree = "<group>"; };
		FE012AEA1F0EC4CE00EABFE4 /* twitterClient-Bridging-Header.h */ = {isa = PBXFileReference; lastKnownFileType = sourcecode.c.h; path = "twitterClient-Bridging-Header.h"; sourceTree = "<group>"; };
		FEED538B1F0FAAEC00F4C262 /* SafariServices.framework */ = {isa = PBXFileReference; lastKnownFileType = wrapper.framework; name = SafariServices.framework; path = System/Library/Frameworks/SafariServices.framework; sourceTree = SDKROOT; };
		FEED538D1F0FAB3100F4C262 /* loginVC.swift */ = {isa = PBXFileReference; fileEncoding = 4; lastKnownFileType = sourcecode.swift; path = loginVC.swift; sourceTree = "<group>"; };
		FEED538F1F0FB90600F4C262 /* followersVC.swift */ = {isa = PBXFileReference; fileEncoding = 4; lastKnownFileType = sourcecode.swift; path = followersVC.swift; sourceTree = "<group>"; };
		FEED53911F0FBBF600F4C262 /* Constants.swift */ = {isa = PBXFileReference; fileEncoding = 4; lastKnownFileType = sourcecode.swift; path = Constants.swift; sourceTree = "<group>"; };
/* End PBXFileReference section */

/* Begin PBXFrameworksBuildPhase section */
		FE012AD21F0EC19800EABFE4 /* Frameworks */ = {
			isa = PBXFrameworksBuildPhase;
			buildActionMask = 2147483647;
			files = (
				FEED538C1F0FAAEC00F4C262 /* SafariServices.framework in Frameworks */,
				1A8604139EB761925991238E /* Pods_twitterClient.framework in Frameworks */,
			);
			runOnlyForDeploymentPostprocessing = 0;
		};
/* End PBXFrameworksBuildPhase section */

/* Begin PBXGroup section */
		4637F0FEC0E85E8169DF44C3 /* Frameworks */ = {
			isa = PBXGroup;
			children = (
				FEED538B1F0FAAEC00F4C262 /* SafariServices.framework */,
				2548C6CC97A7D9334B21252E /* Pods_twitterClient.framework */,
			);
			name = Frameworks;
			sourceTree = "<group>";
		};
		9076D0B404EE67D349294C21 /* Pods */ = {
			isa = PBXGroup;
			children = (
				9E10ECEF231C0AEEE7E73350 /* Pods-twitterClient.debug.xcconfig */,
				3FDCE15F74CDC155DE2140BA /* Pods-twitterClient.release.xcconfig */,
			);
			name = Pods;
			sourceTree = "<group>";
		};
		FE012ACC1F0EC19800EABFE4 = {
			isa = PBXGroup;
			children = (
				FE012AD71F0EC19800EABFE4 /* twitterClient */,
				FE012AD61F0EC19800EABFE4 /* Products */,
				9076D0B404EE67D349294C21 /* Pods */,
				4637F0FEC0E85E8169DF44C3 /* Frameworks */,
			);
			sourceTree = "<group>";
		};
		FE012AD61F0EC19800EABFE4 /* Products */ = {
			isa = PBXGroup;
			children = (
				FE012AD51F0EC19800EABFE4 /* twitterClient.app */,
			);
			name = Products;
			sourceTree = "<group>";
		};
		FE012AD71F0EC19800EABFE4 /* twitterClient */ = {
			isa = PBXGroup;
			children = (
				FE012AD81F0EC19800EABFE4 /* AppDelegate.swift */,
				FEED538D1F0FAB3100F4C262 /* loginVC.swift */,
				FEED538F1F0FB90600F4C262 /* followersVC.swift */,
				FE012ADC1F0EC19800EABFE4 /* Main.storyboard */,
				FE012AE11F0EC19800EABFE4 /* LaunchScreen.storyboard */,
				FE012ADF1F0EC19800EABFE4 /* Assets.xcassets */,
				FE012AE41F0EC19800EABFE4 /* Info.plist */,
				FE012AEA1F0EC4CE00EABFE4 /* twitterClient-Bridging-Header.h */,
				FEED53911F0FBBF600F4C262 /* Constants.swift */,
			);
			path = twitterClient;
			sourceTree = "<group>";
		};
/* End PBXGroup section */

/* Begin PBXNativeTarget section */
		FE012AD41F0EC19800EABFE4 /* twitterClient */ = {
			isa = PBXNativeTarget;
			buildConfigurationList = FE012AE71F0EC19800EABFE4 /* Build configuration list for PBXNativeTarget "twitterClient" */;
			buildPhases = (
				4E05265AE9F43BEE0EB0B37D /* [CP] Check Pods Manifest.lock */,
				FE012AD11F0EC19800EABFE4 /* Sources */,
				FE012AD21F0EC19800EABFE4 /* Frameworks */,
				FE012AD31F0EC19800EABFE4 /* Resources */,
				8C2C39E860C02B773A0B6393 /* [CP] Embed Pods Frameworks */,
				40CA22EDA5F4B2C036808077 /* [CP] Copy Pods Resources */,
			);
			buildRules = (
			);
			dependencies = (
			);
			name = twitterClient;
			productName = twitterClient;
			productReference = FE012AD51F0EC19800EABFE4 /* twitterClient.app */;
			productType = "com.apple.product-type.application";
		};
/* End PBXNativeTarget section */

/* Begin PBXProject section */
		FE012ACD1F0EC19800EABFE4 /* Project object */ = {
			isa = PBXProject;
			attributes = {
				LastSwiftUpdateCheck = 0830;
				LastUpgradeCheck = 0830;
				ORGANIZATIONNAME = "Eslam Shaker";
				TargetAttributes = {
					FE012AD41F0EC19800EABFE4 = {
						CreatedOnToolsVersion = 8.3.2;
						DevelopmentTeam = N455B9353D;
						LastSwiftMigration = 0830;
						ProvisioningStyle = Automatic;
					};
				};
			};
			buildConfigurationList = FE012AD01F0EC19800EABFE4 /* Build configuration list for PBXProject "twitterClient" */;
			compatibilityVersion = "Xcode 3.2";
			developmentRegion = English;
			hasScannedForEncodings = 0;
			knownRegions = (
				en,
				Base,
			);
			mainGroup = FE012ACC1F0EC19800EABFE4;
			productRefGroup = FE012AD61F0EC19800EABFE4 /* Products */;
			projectDirPath = "";
			projectRoot = "";
			targets = (
				FE012AD41F0EC19800EABFE4 /* twitterClient */,
			);
		};
/* End PBXProject section */

/* Begin PBXResourcesBuildPhase section */
		FE012AD31F0EC19800EABFE4 /* Resources */ = {
			isa = PBXResourcesBuildPhase;
			buildActionMask = 2147483647;
			files = (
				FE012AE31F0EC19800EABFE4 /* LaunchScreen.storyboard in Resources */,
				FE012AE01F0EC19800EABFE4 /* Assets.xcassets in Resources */,
				FE012ADE1F0EC19800EABFE4 /* Main.storyboard in Resources */,
			);
			runOnlyForDeploymentPostprocessing = 0;
		};
/* End PBXResourcesBuildPhase section */

/* Begin PBXShellScriptBuildPhase section */
		40CA22EDA5F4B2C036808077 /* [CP] Copy Pods Resources */ = {
			isa = PBXShellScriptBuildPhase;
			buildActionMask = 2147483647;
			files = (
			);
			inputPaths = (
			);
			name = "[CP] Copy Pods Resources";
			outputPaths = (
			);
			runOnlyForDeploymentPostprocessing = 0;
			shellPath = /bin/sh;
			shellScript = "\"${SRCROOT}/Pods/Target Support Files/Pods-twitterClient/Pods-twitterClient-resources.sh\"\n";
			showEnvVarsInLog = 0;
		};
		4E05265AE9F43BEE0EB0B37D /* [CP] Check Pods Manifest.lock */ = {
			isa = PBXShellScriptBuildPhase;
			buildActionMask = 2147483647;
			files = (
			);
			inputPaths = (
			);
			name = "[CP] Check Pods Manifest.lock";
			outputPaths = (
			);
			runOnlyForDeploymentPostprocessing = 0;
			shellPath = /bin/sh;
			shellScript = "diff \"${PODS_ROOT}/../Podfile.lock\" \"${PODS_ROOT}/Manifest.lock\" > /dev/null\nif [ $? != 0 ] ; then\n    # print error to STDERR\n    echo \"error: The sandbox is not in sync with the Podfile.lock. Run 'pod install' or update your CocoaPods installation.\" >&2\n    exit 1\nfi\n";
			showEnvVarsInLog = 0;
		};
		8C2C39E860C02B773A0B6393 /* [CP] Embed Pods Frameworks */ = {
			isa = PBXShellScriptBuildPhase;
			buildActionMask = 2147483647;
			files = (
			);
			inputPaths = (
			);
			name = "[CP] Embed Pods Frameworks";
			outputPaths = (
			);
			runOnlyForDeploymentPostprocessing = 0;
			shellPath = /bin/sh;
			shellScript = "\"${SRCROOT}/Pods/Target Support Files/Pods-twitterClient/Pods-twitterClient-frameworks.sh\"\n";
			showEnvVarsInLog = 0;
		};
/* End PBXShellScriptBuildPhase section */

/* Begin PBXSourcesBuildPhase section */
		FE012AD11F0EC19800EABFE4 /* Sources */ = {
			isa = PBXSourcesBuildPhase;
			buildActionMask = 2147483647;
			files = (
				FEED53901F0FB90600F4C262 /* followersVC.swift in Sources */,
				FEED538E1F0FAB3100F4C262 /* loginVC.swift in Sources */,
				FE012AD91F0EC19800EABFE4 /* AppDelegate.swift in Sources */,
				FEED53921F0FBBF600F4C262 /* Constants.swift in Sources */,
			);
			runOnlyForDeploymentPostprocessing = 0;
		};
/* End PBXSourcesBuildPhase section */

/* Begin PBXVariantGroup section */
		FE012ADC1F0EC19800EABFE4 /* Main.storyboard */ = {
			isa = PBXVariantGroup;
			children = (
				FE012ADD1F0EC19800EABFE4 /* Base */,
			);
			name = Main.storyboard;
			sourceTree = "<group>";
		};
		FE012AE11F0EC19800EABFE4 /* LaunchScreen.storyboard */ = {
			isa = PBXVariantGroup;
			children = (
				FE012AE21F0EC19800EABFE4 /* Base */,
			);
			name = LaunchScreen.storyboard;
			sourceTree = "<group>";
		};
/* End PBXVariantGroup section */

/* Begin XCBuildConfiguration section */
		FE012AE51F0EC19800EABFE4 /* Debug */ = {
			isa = XCBuildConfiguration;
			buildSettings = {
				ALWAYS_SEARCH_USER_PATHS = NO;
				CLANG_ANALYZER_NONNULL = YES;
				CLANG_ANALYZER_NUMBER_OBJECT_CONVERSION = YES_AGGRESSIVE;
				CLANG_CXX_LANGUAGE_STANDARD = "gnu++0x";
				CLANG_CXX_LIBRARY = "libc++";
				CLANG_ENABLE_MODULES = YES;
				CLANG_ENABLE_OBJC_ARC = YES;
				CLANG_WARN_BOOL_CONVERSION = YES;
				CLANG_WARN_CONSTANT_CONVERSION = YES;
				CLANG_WARN_DIRECT_OBJC_ISA_USAGE = YES_ERROR;
				CLANG_WARN_DOCUMENTATION_COMMENTS = YES;
				CLANG_WARN_EMPTY_BODY = YES;
				CLANG_WARN_ENUM_CONVERSION = YES;
				CLANG_WARN_INFINITE_RECURSION = YES;
				CLANG_WARN_INT_CONVERSION = YES;
				CLANG_WARN_OBJC_ROOT_CLASS = YES_ERROR;
				CLANG_WARN_SUSPICIOUS_MOVE = YES;
				CLANG_WARN_UNREACHABLE_CODE = YES;
				CLANG_WARN__DUPLICATE_METHOD_MATCH = YES;
				"CODE_SIGN_IDENTITY[sdk=iphoneos*]" = "iPhone Developer";
				COPY_PHASE_STRIP = NO;
				DEBUG_INFORMATION_FORMAT = dwarf;
				ENABLE_STRICT_OBJC_MSGSEND = YES;
				ENABLE_TESTABILITY = YES;
				GCC_C_LANGUAGE_STANDARD = gnu99;
				GCC_DYNAMIC_NO_PIC = NO;
				GCC_NO_COMMON_BLOCKS = YES;
				GCC_OPTIMIZATION_LEVEL = 0;
				GCC_PREPROCESSOR_DEFINITIONS = (
					"DEBUG=1",
					"$(inherited)",
				);
				GCC_WARN_64_TO_32_BIT_CONVERSION = YES;
				GCC_WARN_ABOUT_RETURN_TYPE = YES_ERROR;
				GCC_WARN_UNDECLARED_SELECTOR = YES;
				GCC_WARN_UNINITIALIZED_AUTOS = YES_AGGRESSIVE;
				GCC_WARN_UNUSED_FUNCTION = YES;
				GCC_WARN_UNUSED_VARIABLE = YES;
				IPHONEOS_DEPLOYMENT_TARGET = 10.3;
				MTL_ENABLE_DEBUG_INFO = YES;
				ONLY_ACTIVE_ARCH = YES;
				SDKROOT = iphoneos;
				SWIFT_ACTIVE_COMPILATION_CONDITIONS = DEBUG;
				SWIFT_OPTIMIZATION_LEVEL = "-Onone";
			};
			name = Debug;
		};
		FE012AE61F0EC19800EABFE4 /* Release */ = {
			isa = XCBuildConfiguration;
			buildSettings = {
				ALWAYS_SEARCH_USER_PATHS = NO;
				CLANG_ANALYZER_NONNULL = YES;
				CLANG_ANALYZER_NUMBER_OBJECT_CONVERSION = YES_AGGRESSIVE;
				CLANG_CXX_LANGUAGE_STANDARD = "gnu++0x";
				CLANG_CXX_LIBRARY = "libc++";
				CLANG_ENABLE_MODULES = YES;
				CLANG_ENABLE_OBJC_ARC = YES;
				CLANG_WARN_BOOL_CONVERSION = YES;
				CLANG_WARN_CONSTANT_CONVERSION = YES;
				CLANG_WARN_DIRECT_OBJC_ISA_USAGE = YES_ERROR;
				CLANG_WARN_DOCUMENTATION_COMMENTS = YES;
				CLANG_WARN_EMPTY_BODY = YES;
				CLANG_WARN_ENUM_CONVERSION = YES;
				CLANG_WARN_INFINITE_RECURSION = YES;
				CLANG_WARN_INT_CONVERSION = YES;
				CLANG_WARN_OBJC_ROOT_CLASS = YES_ERROR;
				CLANG_WARN_SUSPICIOUS_MOVE = YES;
				CLANG_WARN_UNREACHABLE_CODE = YES;
				CLANG_WARN__DUPLICATE_METHOD_MATCH = YES;
				"CODE_SIGN_IDENTITY[sdk=iphoneos*]" = "iPhone Developer";
				COPY_PHASE_STRIP = NO;
				DEBUG_INFORMATION_FORMAT = "dwarf-with-dsym";
				ENABLE_NS_ASSERTIONS = NO;
				ENABLE_STRICT_OBJC_MSGSEND = YES;
				GCC_C_LANGUAGE_STANDARD = gnu99;
				GCC_NO_COMMON_BLOCKS = YES;
				GCC_WARN_64_TO_32_BIT_CONVERSION = YES;
				GCC_WARN_ABOUT_RETURN_TYPE = YES_ERROR;
				GCC_WARN_UNDECLARED_SELECTOR = YES;
				GCC_WARN_UNINITIALIZED_AUTOS = YES_AGGRESSIVE;
				GCC_WARN_UNUSED_FUNCTION = YES;
				GCC_WARN_UNUSED_VARIABLE = YES;
				IPHONEOS_DEPLOYMENT_TARGET = 10.3;
				MTL_ENABLE_DEBUG_INFO = NO;
				SDKROOT = iphoneos;
				SWIFT_OPTIMIZATION_LEVEL = "-Owholemodule";
				VALIDATE_PRODUCT = YES;
			};
			name = Release;
		};
		FE012AE81F0EC19800EABFE4 /* Debug */ = {
			isa = XCBuildConfiguration;
			baseConfigurationReference = 9E10ECEF231C0AEEE7E73350 /* Pods-twitterClient.debug.xcconfig */;
			buildSettings = {
				ASSETCATALOG_COMPILER_APPICON_NAME = AppIcon;
				CLANG_ENABLE_MODULES = YES;
				DEVELOPMENT_TEAM = N455B9353D;
				INFOPLIST_FILE = twitterClient/Info.plist;
				IPHONEOS_DEPLOYMENT_TARGET = 9.0;
				LD_RUNPATH_SEARCH_PATHS = "$(inherited) @executable_path/Frameworks";
				PRODUCT_BUNDLE_IDENTIFIER = com.binshakerr.twitterClient;
				PRODUCT_NAME = "$(TARGET_NAME)";
				SWIFT_OBJC_BRIDGING_HEADER = "twitterClient/twitterClient-Bridging-Header.h";
				SWIFT_OPTIMIZATION_LEVEL = "-Onone";
				SWIFT_VERSION = 3.0;
			};
			name = Debug;
		};
		FE012AE91F0EC19800EABFE4 /* Release */ = {
			isa = XCBuildConfiguration;
			baseConfigurationReference = 3FDCE15F74CDC155DE2140BA /* Pods-twitterClient.release.xcconfig */;
			buildSettings = {
				ASSETCATALOG_COMPILER_APPICON_NAME = AppIcon;
				CLANG_ENABLE_MODULES = YES;
				DEVELOPMENT_TEAM = N455B9353D;
				INFOPLIST_FILE = twitterClient/Info.plist;
				IPHONEOS_DEPLOYMENT_TARGET = 9.0;
				LD_RUNPATH_SEARCH_PATHS = "$(inherited) @executable_path/Frameworks";
				PRODUCT_BUNDLE_IDENTIFIER = com.binshakerr.twitterClient;
				PRODUCT_NAME = "$(TARGET_NAME)";
				SWIFT_OBJC_BRIDGING_HEADER = "twitterClient/twitterClient-Bridging-Header.h";
				SWIFT_VERSION = 3.0;
			};
			name = Release;
		};
/* End XCBuildConfiguration section */

/* Begin XCConfigurationList section */
		FE012AD01F0EC19800EABFE4 /* Build configuration list for PBXProject "twitterClient" */ = {
			isa = XCConfigurationList;
			buildConfigurations = (
				FE012AE51F0EC19800EABFE4 /* Debug */,
				FE012AE61F0EC19800EABFE4 /* Release */,
			);
			defaultConfigurationIsVisible = 0;
			defaultConfigurationName = Release;
		};
		FE012AE71F0EC19800EABFE4 /* Build configuration list for PBXNativeTarget "twitterClient" */ = {
			isa = XCConfigurationList;
			buildConfigurations = (
				FE012AE81F0EC19800EABFE4 /* Debug */,
				FE012AE91F0EC19800EABFE4 /* Release */,
			);
			defaultConfigurationIsVisible = 0;
			defaultConfigurationName = Release;
		};
/* End XCConfigurationList section */
	};
	rootObject = FE012ACD1F0EC19800EABFE4 /* Project object */;
}
